// !$*UTF8*$!
{
	archiveVersion = 1;
	classes = {
	};
	objectVersion = 77;
	objects = {

/* Begin PBXContainerItemProxy section */
		E90EA6152E1B6C6D004C988A /* PBXContainerItemProxy */ = {
			isa = PBXContainerItemProxy;
			containerPortal = E90EA5FF2E1B6C6C004C988A /* Project object */;
			proxyType = 1;
			remoteGlobalIDString = E90EA6062E1B6C6C004C988A;
			remoteInfo = sudoku;
		};
		E90EA61F2E1B6C6D004C988A /* PBXContainerItemProxy */ = {
			isa = PBXContainerItemProxy;
			containerPortal = E90EA5FF2E1B6C6C004C988A /* Project object */;
			proxyType = 1;
			remoteGlobalIDString = E90EA6062E1B6C6C004C988A;
			remoteInfo = sudoku;
		};
/* End PBXContainerItemProxy section */

/* Begin PBXFileReference section */
		E90EA6072E1B6C6C004C988A /* sudoku.app */ = {isa = PBXFileReference; explicitFileType = wrapper.application; includeInIndex = 0; path = sudoku.app; sourceTree = BUILT_PRODUCTS_DIR; };
		E90EA6142E1B6C6D004C988A /* sudokuTests.xctest */ = {isa = PBXFileReference; explicitFileType = wrapper.cfbundle; includeInIndex = 0; path = sudokuTests.xctest; sourceTree = BUILT_PRODUCTS_DIR; };
		E90EA61E2E1B6C6D004C988A /* sudokuUITests.xctest */ = {isa = PBXFileReference; explicitFileType = wrapper.cfbundle; includeInIndex = 0; path = sudokuUITests.xctest; sourceTree = BUILT_PRODUCTS_DIR; };
/* End PBXFileReference section */

/* Begin PBXFileSystemSynchronizedRootGroup section */
		E90EA6092E1B6C6C004C988A /* sudoku */ = {
			isa = PBXFileSystemSynchronizedRootGroup;
			path = sudoku;
			sourceTree = "<group>";
		};
		E90EA6172E1B6C6D004C988A /* sudokuTests */ = {
			isa = PBXFileSystemSynchronizedRootGroup;
			path = sudokuTests;
			sourceTree = "<group>";
		};
		E90EA6212E1B6C6D004C988A /* sudokuUITests */ = {
			isa = PBXFileSystemSynchronizedRootGroup;
			path = sudokuUITests;
			sourceTree = "<group>";
		};
/* End PBXFileSystemSynchronizedRootGroup section */

/* Begin PBXFrameworksBuildPhase section */
		E90EA6042E1B6C6C004C988A /* Frameworks */ = {
			isa = PBXFrameworksBuildPhase;
			buildActionMask = 2147483647;
			files = (
			);
			runOnlyForDeploymentPostprocessing = 0;
		};
		E90EA6112E1B6C6D004C988A /* Frameworks */ = {
			isa = PBXFrameworksBuildPhase;
			buildActionMask = 2147483647;
			files = (
			);
			runOnlyForDeploymentPostprocessing = 0;
		};
		E90EA61B2E1B6C6D004C988A /* Frameworks */ = {
			isa = PBXFrameworksBuildPhase;
			buildActionMask = 2147483647;
			files = (
			);
			runOnlyForDeploymentPostprocessing = 0;
		};
/* End PBXFrameworksBuildPhase section */

/* Begin PBXGroup section */
		E90EA5FE2E1B6C6C004C988A = {
			isa = PBXGroup;
			children = (
				E90EA6092E1B6C6C004C988A /* sudoku */,
				E90EA6172E1B6C6D004C988A /* sudokuTests */,
				E90EA6212E1B6C6D004C988A /* sudokuUITests */,
				E90EA6082E1B6C6C004C988A /* Products */,
			);
			sourceTree = "<group>";
		};
		E90EA6082E1B6C6C004C988A /* Products */ = {
			isa = PBXGroup;
			children = (
				E90EA6072E1B6C6C004C988A /* sudoku.app */,
				E90EA6142E1B6C6D004C988A /* sudokuTests.xctest */,
				E90EA61E2E1B6C6D004C988A /* sudokuUITests.xctest */,
			);
			name = Products;
			sourceTree = "<group>";
		};
/* End PBXGroup section */

/* Begin PBXNativeTarget section */
		E90EA6062E1B6C6C004C988A /* sudoku */ = {
			isa = PBXNativeTarget;
			buildConfigurationList = E90EA6282E1B6C6D004C988A /* Build configuration list for PBXNativeTarget "sudoku" */;
			buildPhases = (
				E90EA6032E1B6C6C004C988A /* Sources */,
				E90EA6042E1B6C6C004C988A /* Frameworks */,
				E90EA6052E1B6C6C004C988A /* Resources */,
			);
			buildRules = (
			);
			dependencies = (
			);
			fileSystemSynchronizedGroups = (
				E90EA6092E1B6C6C004C988A /* sudoku */,
			);
			name = sudoku;
			packageProductDependencies = (
			);
			productName = sudoku;
			productReference = E90EA6072E1B6C6C004C988A /* sudoku.app */;
			productType = "com.apple.product-type.application";
		};
		E90EA6132E1B6C6D004C988A /* sudokuTests */ = {
			isa = PBXNativeTarget;
			buildConfigurationList = E90EA62B2E1B6C6D004C988A /* Build configuration list for PBXNativeTarget "sudokuTests" */;
			buildPhases = (
				E90EA6102E1B6C6D004C988A /* Sources */,
				E90EA6112E1B6C6D004C988A /* Frameworks */,
				E90EA6122E1B6C6D004C988A /* Resources */,
			);
			buildRules = (
			);
			dependencies = (
				E90EA6162E1B6C6D004C988A /* PBXTargetDependency */,
			);
			fileSystemSynchronizedGroups = (
				E90EA6172E1B6C6D004C988A /* sudokuTests */,
			);
			name = sudokuTests;
			packageProductDependencies = (
			);
			productName = sudokuTests;
			productReference = E90EA6142E1B6C6D004C988A /* sudokuTests.xctest */;
			productType = "com.apple.product-type.bundle.unit-test";
		};
		E90EA61D2E1B6C6D004C988A /* sudokuUITests */ = {
			isa = PBXNativeTarget;
			buildConfigurationList = E90EA62E2E1B6C6D004C988A /* Build configuration list for PBXNativeTarget "sudokuUITests" */;
			buildPhases = (
				E90EA61A2E1B6C6D004C988A /* Sources */,
				E90EA61B2E1B6C6D004C988A /* Frameworks */,
				E90EA61C2E1B6C6D004C988A /* Resources */,
			);
			buildRules = (
			);
			dependencies = (
				E90EA6202E1B6C6D004C988A /* PBXTargetDependency */,
			);
			fileSystemSynchronizedGroups = (
				E90EA6212E1B6C6D004C988A /* sudokuUITests */,
			);
			name = sudokuUITests;
			packageProductDependencies = (
			);
			productName = sudokuUITests;
			productReference = E90EA61E2E1B6C6D004C988A /* sudokuUITests.xctest */;
			productType = "com.apple.product-type.bundle.ui-testing";
		};
/* End PBXNativeTarget section */

/* Begin PBXProject section */
		E90EA5FF2E1B6C6C004C988A /* Project object */ = {
			isa = PBXProject;
			attributes = {
				BuildIndependentTargetsInParallel = 1;
				LastSwiftUpdateCheck = 1640;
				LastUpgradeCheck = 1640;
				TargetAttributes = {
					E90EA6062E1B6C6C004C988A = {
						CreatedOnToolsVersion = 16.4;
					};
					E90EA6132E1B6C6D004C988A = {
						CreatedOnToolsVersion = 16.4;
						TestTargetID = E90EA6062E1B6C6C004C988A;
					};
					E90EA61D2E1B6C6D004C988A = {
						CreatedOnToolsVersion = 16.4;
						TestTargetID = E90EA6062E1B6C6C004C988A;
					};
				};
			};
			buildConfigurationList = E90EA6022E1B6C6C004C988A /* Build configuration list for PBXProject "sudoku" */;
			developmentRegion = en;
			hasScannedForEncodings = 0;
			knownRegions = (
				en,
				Base,
			);
			mainGroup = E90EA5FE2E1B6C6C004C988A;
			minimizedProjectReferenceProxies = 1;
			preferredProjectObjectVersion = 77;
			productRefGroup = E90EA6082E1B6C6C004C988A /* Products */;
			projectDirPath = "";
			projectRoot = "";
			targets = (
				E90EA6062E1B6C6C004C988A /* sudoku */,
				E90EA6132E1B6C6D004C988A /* sudokuTests */,
				E90EA61D2E1B6C6D004C988A /* sudokuUITests */,
			);
		};
/* End PBXProject section */

/* Begin PBXResourcesBuildPhase section */
		E90EA6052E1B6C6C004C988A /* Resources */ = {
			isa = PBXResourcesBuildPhase;
			buildActionMask = 2147483647;
			files = (
			);
			runOnlyForDeploymentPostprocessing = 0;
		};
		E90EA6122E1B6C6D004C988A /* Resources */ = {
			isa = PBXResourcesBuildPhase;
			buildActionMask = 2147483647;
			files = (
			);
			runOnlyForDeploymentPostprocessing = 0;
		};
		E90EA61C2E1B6C6D004C988A /* Resources */ = {
			isa = PBXResourcesBuildPhase;
			buildActionMask = 2147483647;
			files = (
			);
			runOnlyForDeploymentPostprocessing = 0;
		};
/* End PBXResourcesBuildPhase section */

/* Begin PBXSourcesBuildPhase section */
		E90EA6032E1B6C6C004C988A /* Sources */ = {
			isa = PBXSourcesBuildPhase;
			buildActionMask = 2147483647;
			files = (
			);
			runOnlyForDeploymentPostprocessing = 0;
		};
		E90EA6102E1B6C6D004C988A /* Sources */ = {
			isa = PBXSourcesBuildPhase;
			buildActionMask = 2147483647;
			files = (
			);
			runOnlyForDeploymentPostprocessing = 0;
		};
		E90EA61A2E1B6C6D004C988A /* Sources */ = {
			isa = PBXSourcesBuildPhase;
			buildActionMask = 2147483647;
			files = (
			);
			runOnlyForDeploymentPostprocessing = 0;
		};
/* End PBXSourcesBuildPhase section */

/* Begin PBXTargetDependency section */
		E90EA6162E1B6C6D004C988A /* PBXTargetDependency */ = {
			isa = PBXTargetDependency;
			target = E90EA6062E1B6C6C004C988A /* sudoku */;
			targetProxy = E90EA6152E1B6C6D004C988A /* PBXContainerItemProxy */;
		};
		E90EA6202E1B6C6D004C988A /* PBXTargetDependency */ = {
			isa = PBXTargetDependency;
			target = E90EA6062E1B6C6C004C988A /* sudoku */;
			targetProxy = E90EA61F2E1B6C6D004C988A /* PBXContainerItemProxy */;
		};
/* End PBXTargetDependency section */

/* Begin XCBuildConfiguration section */
		E90EA6262E1B6C6D004C988A /* Debug */ = {
			isa = XCBuildConfiguration;
			buildSettings = {
				ALWAYS_SEARCH_USER_PATHS = NO;
				ASSETCATALOG_COMPILER_GENERATE_SWIFT_ASSET_SYMBOL_EXTENSIONS = YES;
				CLANG_ANALYZER_NONNULL = YES;
				CLANG_ANALYZER_NUMBER_OBJECT_CONVERSION = YES_AGGRESSIVE;
				CLANG_CXX_LANGUAGE_STANDARD = "gnu++20";
				CLANG_ENABLE_MODULES = YES;
				CLANG_ENABLE_OBJC_ARC = YES;
				CLANG_ENABLE_OBJC_WEAK = YES;
				CLANG_WARN_BLOCK_CAPTURE_AUTORELEASING = YES;
				CLANG_WARN_BOOL_CONVERSION = YES;
				CLANG_WARN_COMMA = YES;
				CLANG_WARN_CONSTANT_CONVERSION = YES;
				CLANG_WARN_DEPRECATED_OBJC_IMPLEMENTATIONS = YES;
				CLANG_WARN_DIRECT_OBJC_ISA_USAGE = YES_ERROR;
				CLANG_WARN_DOCUMENTATION_COMMENTS = YES;
				CLANG_WARN_EMPTY_BODY = YES;
				CLANG_WARN_ENUM_CONVERSION = YES;
				CLANG_WARN_INFINITE_RECURSION = YES;
				CLANG_WARN_INT_CONVERSION = YES;
				CLANG_WARN_NON_LITERAL_NULL_CONVERSION = YES;
				CLANG_WARN_OBJC_IMPLICIT_RETAIN_SELF = YES;
				CLANG_WARN_OBJC_LITERAL_CONVERSION = YES;
				CLANG_WARN_OBJC_ROOT_CLASS = YES_ERROR;
				CLANG_WARN_QUOTED_INCLUDE_IN_FRAMEWORK_HEADER = YES;
				CLANG_WARN_RANGE_LOOP_ANALYSIS = YES;
				CLANG_WARN_STRICT_PROTOTYPES = YES;
				CLANG_WARN_SUSPICIOUS_MOVE = YES;
				CLANG_WARN_UNGUARDED_AVAILABILITY = YES_AGGRESSIVE;
				CLANG_WARN_UNREACHABLE_CODE = YES;
				CLANG_WARN__DUPLICATE_METHOD_MATCH = YES;
				COPY_PHASE_STRIP = NO;
				DEBUG_INFORMATION_FORMAT = dwarf;
				ENABLE_STRICT_OBJC_MSGSEND = YES;
				ENABLE_TESTABILITY = YES;
				ENABLE_USER_SCRIPT_SANDBOXING = YES;
				GCC_C_LANGUAGE_STANDARD = gnu17;
				GCC_DYNAMIC_NO_PIC = NO;
				GCC_NO_COMMON_BLOCKS = YES;
				GCC_OPTIMIZATION_LEVEL = 0;
				GCC_PREPROCESSOR_DEFINITIONS = (
					"DEBUG=1",
					"$(inherited)",
				);
				GCC_WARN_64_TO_32_BIT_CONVERSION = YES;
				GCC_WARN_ABOUT_RETURN_TYPE = YES_ERROR;
				GCC_WARN_UNDECLARED_SELECTOR = YES;
				GCC_WARN_UNINITIALIZED_AUTOS = YES_AGGRESSIVE;
				GCC_WARN_UNUSED_FUNCTION = YES;
				GCC_WARN_UNUSED_VARIABLE = YES;
				IPHONEOS_DEPLOYMENT_TARGET = 18.5;
				LOCALIZATION_PREFERS_STRING_CATALOGS = YES;
				MTL_ENABLE_DEBUG_INFO = INCLUDE_SOURCE;
				MTL_FAST_MATH = YES;
				ONLY_ACTIVE_ARCH = YES;
				SDKROOT = iphoneos;
				SWIFT_ACTIVE_COMPILATION_CONDITIONS = "DEBUG $(inherited)";
				SWIFT_OPTIMIZATION_LEVEL = "-Onone";
			};
			name = Debug;
		};
		E90EA6272E1B6C6D004C988A /* Release */ = {
			isa = XCBuildConfiguration;
			buildSettings = {
				ALWAYS_SEARCH_USER_PATHS = NO;
				ASSETCATALOG_COMPILER_GENERATE_SWIFT_ASSET_SYMBOL_EXTENSIONS = YES;
				CLANG_ANALYZER_NONNULL = YES;
				CLANG_ANALYZER_NUMBER_OBJECT_CONVERSION = YES_AGGRESSIVE;
				CLANG_CXX_LANGUAGE_STANDARD = "gnu++20";
				CLANG_ENABLE_MODULES = YES;
				CLANG_ENABLE_OBJC_ARC = YES;
				CLANG_ENABLE_OBJC_WEAK = YES;
				CLANG_WARN_BLOCK_CAPTURE_AUTORELEASING = YES;
				CLANG_WARN_BOOL_CONVERSION = YES;
				CLANG_WARN_COMMA = YES;
				CLANG_WARN_CONSTANT_CONVERSION = YES;
				CLANG_WARN_DEPRECATED_OBJC_IMPLEMENTATIONS = YES;
				CLANG_WARN_DIRECT_OBJC_ISA_USAGE = YES_ERROR;
				CLANG_WARN_DOCUMENTATION_COMMENTS = YES;
				CLANG_WARN_EMPTY_BODY = YES;
				CLANG_WARN_ENUM_CONVERSION = YES;
				CLANG_WARN_INFINITE_RECURSION = YES;
				CLANG_WARN_INT_CONVERSION = YES;
				CLANG_WARN_NON_LITERAL_NULL_CONVERSION = YES;
				CLANG_WARN_OBJC_IMPLICIT_RETAIN_SELF = YES;
				CLANG_WARN_OBJC_LITERAL_CONVERSION = YES;
				CLANG_WARN_OBJC_ROOT_CLASS = YES_ERROR;
				CLANG_WARN_QUOTED_INCLUDE_IN_FRAMEWORK_HEADER = YES;
				CLANG_WARN_RANGE_LOOP_ANALYSIS = YES;
				CLANG_WARN_STRICT_PROTOTYPES = YES;
				CLANG_WARN_SUSPICIOUS_MOVE = YES;
				CLANG_WARN_UNGUARDED_AVAILABILITY = YES_AGGRESSIVE;
				CLANG_WARN_UNREACHABLE_CODE = YES;
				CLANG_WARN__DUPLICATE_METHOD_MATCH = YES;
				COPY_PHASE_STRIP = NO;
				DEBUG_INFORMATION_FORMAT = "dwarf-with-dsym";
				ENABLE_NS_ASSERTIONS = NO;
				ENABLE_STRICT_OBJC_MSGSEND = YES;
				ENABLE_USER_SCRIPT_SANDBOXING = YES;
				GCC_C_LANGUAGE_STANDARD = gnu17;
				GCC_NO_COMMON_BLOCKS = YES;
				GCC_WARN_64_TO_32_BIT_CONVERSION = YES;
				GCC_WARN_ABOUT_RETURN_TYPE = YES_ERROR;
				GCC_WARN_UNDECLARED_SELECTOR = YES;
				GCC_WARN_UNINITIALIZED_AUTOS = YES_AGGRESSIVE;
				GCC_WARN_UNUSED_FUNCTION = YES;
				GCC_WARN_UNUSED_VARIABLE = YES;
				IPHONEOS_DEPLOYMENT_TARGET = 18.5;
				LOCALIZATION_PREFERS_STRING_CATALOGS = YES;
				MTL_ENABLE_DEBUG_INFO = NO;
				MTL_FAST_MATH = YES;
				SDKROOT = iphoneos;
				SWIFT_COMPILATION_MODE = wholemodule;
				VALIDATE_PRODUCT = YES;
			};
			name = Release;
		};
		E90EA6292E1B6C6D004C988A /* Debug */ = {
			isa = XCBuildConfiguration;
			buildSettings = {
				ASSETCATALOG_COMPILER_APPICON_NAME = AppIcon;
				ASSETCATALOG_COMPILER_GLOBAL_ACCENT_COLOR_NAME = AccentColor;
				CODE_SIGN_STYLE = Automatic;
				CURRENT_PROJECT_VERSION = 1;
				ENABLE_PREVIEWS = YES;
				GENERATE_INFOPLIST_FILE = YES;
				INFOPLIST_KEY_UIApplicationSceneManifest_Generation = YES;
				INFOPLIST_KEY_UIApplicationSupportsIndirectInputEvents = YES;
				INFOPLIST_KEY_UILaunchScreen_Generation = YES;
				INFOPLIST_KEY_UISupportedInterfaceOrientations_iPad = "UIInterfaceOrientationPortrait UIInterfaceOrientationPortraitUpsideDown UIInterfaceOrientationLandscapeLeft UIInterfaceOrientationLandscapeRight";
				INFOPLIST_KEY_UISupportedInterfaceOrientations_iPhone = "UIInterfaceOrientationPortrait UIInterfaceOrientationLandscapeLeft UIInterfaceOrientationLandscapeRight";
				LD_RUNPATH_SEARCH_PATHS = (
					"$(inherited)",
					"@executable_path/Frameworks",
				);
				MARKETING_VERSION = 1.0;
				PRODUCT_BUNDLE_IDENTIFIER = jasonharmon.sudoku;
				PRODUCT_NAME = "$(TARGET_NAME)";
				SWIFT_EMIT_LOC_STRINGS = YES;
				SWIFT_VERSION = 5.0;
				TARGETED_DEVICE_FAMILY = "1,2";
			};
			name = Debug;
		};
		E90EA62A2E1B6C6D004C988A /* Release */ = {
			isa = XCBuildConfiguration;
			buildSettings = {
				ASSETCATALOG_COMPILER_APPICON_NAME = AppIcon;
				ASSETCATALOG_COMPILER_GLOBAL_ACCENT_COLOR_NAME = AccentColor;
				CODE_SIGN_STYLE = Automatic;
				CURRENT_PROJECT_VERSION = 1;
				ENABLE_PREVIEWS = YES;
				GENERATE_INFOPLIST_FILE = YES;
				INFOPLIST_KEY_UIApplicationSceneManifest_Generation = YES;
				INFOPLIST_KEY_UIApplicationSupportsIndirectInputEvents = YES;
				INFOPLIST_KEY_UILaunchScreen_Generation = YES;
				INFOPLIST_KEY_UISupportedInterfaceOrientations_iPad = "UIInterfaceOrientationPortrait UIInterfaceOrientationPortraitUpsideDown UIInterfaceOrientationLandscapeLeft UIInterfaceOrientationLandscapeRight";
				INFOPLIST_KEY_UISupportedInterfaceOrientations_iPhone = "UIInterfaceOrientationPortrait UIInterfaceOrientationLandscapeLeft UIInterfaceOrientationLandscapeRight";
				LD_RUNPATH_SEARCH_PATHS = (
					"$(inherited)",
					"@executable_path/Frameworks",
				);
				MARKETING_VERSION = 1.0;
				PRODUCT_BUNDLE_IDENTIFIER = jasonharmon.sudoku;
				PRODUCT_NAME = "$(TARGET_NAME)";
				SWIFT_EMIT_LOC_STRINGS = YES;
				SWIFT_VERSION = 5.0;
				TARGETED_DEVICE_FAMILY = "1,2";
			};
			name = Release;
		};
		E90EA62C2E1B6C6D004C988A /* Debug */ = {
			isa = XCBuildConfiguration;
			buildSettings = {
				BUNDLE_LOADER = "$(TEST_HOST)";
				CODE_SIGN_STYLE = Automatic;
				CURRENT_PROJECT_VERSION = 1;
				GENERATE_INFOPLIST_FILE = YES;
				IPHONEOS_DEPLOYMENT_TARGET = 18.5;
				MARKETING_VERSION = 1.0;
				PRODUCT_BUNDLE_IDENTIFIER = jasonharmon.sudokuTests;
				PRODUCT_NAME = "$(TARGET_NAME)";
				SWIFT_EMIT_LOC_STRINGS = NO;
				SWIFT_VERSION = 5.0;
				TARGETED_DEVICE_FAMILY = "1,2";
				TEST_HOST = "$(BUILT_PRODUCTS_DIR)/sudoku.app/$(BUNDLE_EXECUTABLE_FOLDER_PATH)/sudoku";
			};
			name = Debug;
		};
		E90EA62D2E1B6C6D004C988A /* Release */ = {
			isa = XCBuildConfiguration;
			buildSettings = {
				BUNDLE_LOADER = "$(TEST_HOST)";
				CODE_SIGN_STYLE = Automatic;
				CURRENT_PROJECT_VERSION = 1;
				GENERATE_INFOPLIST_FILE = YES;
				IPHONEOS_DEPLOYMENT_TARGET = 18.5;
				MARKETING_VERSION = 1.0;
				PRODUCT_BUNDLE_IDENTIFIER = jasonharmon.sudokuTests;
				PRODUCT_NAME = "$(TARGET_NAME)";
				SWIFT_EMIT_LOC_STRINGS = NO;
				SWIFT_VERSION = 5.0;
				TARGETED_DEVICE_FAMILY = "1,2";
				TEST_HOST = "$(BUILT_PRODUCTS_DIR)/sudoku.app/$(BUNDLE_EXECUTABLE_FOLDER_PATH)/sudoku";
			};
			name = Release;
		};
		E90EA62F2E1B6C6D004C988A /* Debug */ = {
			isa = XCBuildConfiguration;
			buildSettings = {
				CODE_SIGN_STYLE = Automatic;
				CURRENT_PROJECT_VERSION = 1;
				GENERATE_INFOPLIST_FILE = YES;
				MARKETING_VERSION = 1.0;
				PRODUCT_BUNDLE_IDENTIFIER = jasonharmon.sudokuUITests;
				PRODUCT_NAME = "$(TARGET_NAME)";
				SWIFT_EMIT_LOC_STRINGS = NO;
				SWIFT_VERSION = 5.0;
				TARGETED_DEVICE_FAMILY = "1,2";
				TEST_TARGET_NAME = sudoku;
			};
			name = Debug;
		};
		E90EA6302E1B6C6D004C988A /* Release */ = {
			isa = XCBuildConfiguration;
			buildSettings = {
				CODE_SIGN_STYLE = Automatic;
				CURRENT_PROJECT_VERSION = 1;
				GENERATE_INFOPLIST_FILE = YES;
				MARKETING_VERSION = 1.0;
				PRODUCT_BUNDLE_IDENTIFIER = jasonharmon.sudokuUITests;
				PRODUCT_NAME = "$(TARGET_NAME)";
				SWIFT_EMIT_LOC_STRINGS = NO;
				SWIFT_VERSION = 5.0;
				TARGETED_DEVICE_FAMILY = "1,2";
				TEST_TARGET_NAME = sudoku;
			};
			name = Release;
		};
/* End XCBuildConfiguration section */

/* Begin XCConfigurationList section */
		E90EA6022E1B6C6C004C988A /* Build configuration list for PBXProject "sudoku" */ = {
			isa = XCConfigurationList;
			buildConfigurations = (
				E90EA6262E1B6C6D004C988A /* Debug */,
				E90EA6272E1B6C6D004C988A /* Release */,
			);
			defaultConfigurationIsVisible = 0;
			defaultConfigurationName = Release;
		};
		E90EA6282E1B6C6D004C988A /* Build configuration list for PBXNativeTarget "sudoku" */ = {
			isa = XCConfigurationList;
			buildConfigurations = (
				E90EA6292E1B6C6D004C988A /* Debug */,
				E90EA62A2E1B6C6D004C988A /* Release */,
			);
			defaultConfigurationIsVisible = 0;
			defaultConfigurationName = Release;
		};
		E90EA62B2E1B6C6D004C988A /* Build configuration list for PBXNativeTarget "sudokuTests" */ = {
			isa = XCConfigurationList;
			buildConfigurations = (
				E90EA62C2E1B6C6D004C988A /* Debug */,
				E90EA62D2E1B6C6D004C988A /* Release */,
			);
			defaultConfigurationIsVisible = 0;
			defaultConfigurationName = Release;
		};
		E90EA62E2E1B6C6D004C988A /* Build configuration list for PBXNativeTarget "sudokuUITests" */ = {
			isa = XCConfigurationList;
			buildConfigurations = (
				E90EA62F2E1B6C6D004C988A /* Debug */,
				E90EA6302E1B6C6D004C988A /* Release */,
			);
			defaultConfigurationIsVisible = 0;
			defaultConfigurationName = Release;
		};
/* End XCConfigurationList section */
	};
	rootObject = E90EA5FF2E1B6C6C004C988A /* Project object */;
}
